{
  "name": "ws-canvas",
  "version": "1.0.0",
  "lockfileVersion": 3,
  "requires": true,
  "packages": {
    "": {
      "name": "ws-canvas",
      "version": "1.0.0",
      "license": "MIT",
      "dependencies": {
        "playlib": "^0.6.11"
      }
    },
    "node_modules/playlib": {
      "version": "0.6.11",
      "resolved": "https://registry.npmjs.org/playlib/-/playlib-0.6.11.tgz",
      "integrity": "sha512-j2DbnARUE5zY+2eW8+fb+DXx9larQiz4Lx3Oi27+5zMyogihiG8xE8IbbGj/f9Gk86rmHuhQlPm2PCBE4aXmMA==",
      "dependencies": {
        "typescript": "^4.8.4"
      }
    },
    "node_modules/typescript": {
      "version": "4.9.5",
      "resolved": "https://registry.npmjs.org/typescript/-/typescript-4.9.5.tgz",
      "integrity": "sha512-1FXk9E2Hm+QzZQ7z+McJiHL4NW1F2EzMu9Nq9i3zAaGqibafqYwCVU6WyWAuyQRRzOlxou8xZSyXLEN8oKj24g==",
      "bin": {
        "tsc": "bin/tsc",
        "tsserver": "bin/tsserver"
      },
      "engines": {
        "node": ">=4.2.0"
      }
    }
  }
}
